
Microsoft Visual Studio Solution File, Format Version 12.00
# Visual Studio Version 17
VisualStudioVersion = 17.3.32929.385
MinimumVisualStudioVersion = 10.0.40219.1
Project("{9A19103F-16F7-4668-BE54-9A1E7A4F7556}") = "MQTT test", "MQTT test\MQTT test.csproj", "{548F9AE9-3138-48C9-8A8A-3646F062FD90}"
EndProject
Project("{9A19103F-16F7-4668-BE54-9A1E7A4F7556}") = "mqttSubscriber", "mqttSubscriber\mqttSubscriber.csproj", "{0A362AF1-47E0-46A1-9EF3-C274F3285458}"
EndProject
Global
	GlobalSection(SolutionConfigurationPlatforms) = preSolution
		Debug|Any CPU = Debug|Any CPU
		Release|Any CPU = Release|Any CPU
	EndGlobalSection
	GlobalSection(ProjectConfigurationPlatforms) = postSolution
		{548F9AE9-3138-48C9-8A8A-3646F062FD90}.Debug|Any CPU.ActiveCfg = Debug|Any CPU
		{548F9AE9-3138-48C9-8A8A-3646F062FD90}.Debug|Any CPU.Build.0 = Debug|Any CPU
		{548F9AE9-3138-48C9-8A8A-3646F062FD90}.Release|Any CPU.ActiveCfg = Release|Any CPU
		{548F9AE9-3138-48C9-8A8A-3646F062FD90}.Release|Any CPU.Build.0 = Release|Any CPU
		{0A362AF1-47E0-46A1-9EF3-C274F3285458}.Debug|Any CPU.ActiveCfg = Debug|Any CPU
		{0A362AF1-47E0-46A1-9EF3-C274F3285458}.Debug|Any CPU.Build.0 = Debug|Any CPU
		{0A362AF1-47E0-46A1-9EF3-C274F3285458}.Release|Any CPU.ActiveCfg = Release|Any CPU
		{0A362AF1-47E0-46A1-9EF3-C274F3285458}.Release|Any CPU.Build.0 = Release|Any CPU
	EndGlobalSection
	GlobalSection(SolutionProperties) = preSolution
		HideSolutionNode = FALSE
	EndGlobalSection
	GlobalSection(ExtensibilityGlobals) = postSolution
		SolutionGuid = {E0880CEE-701F-4C5F-B6A9-4DE75F66A2F0}
	EndGlobalSection
EndGlobal
