
Microsoft Visual Studio Solution File, Format Version 12.00
# Visual Studio Version 17
VisualStudioVersion = 17.3.32929.385
MinimumVisualStudioVersion = 10.0.40219.1
Project("{FAE04EC0-301F-11D3-BF4B-00C04F79EFBC}") = "MQTTForm", "MQTTForm\MQTTForm.csproj", "{A72D12AC-B04A-4F3C-B586-C3654621D440}"
EndProject
Global
	GlobalSection(SolutionConfigurationPlatforms) = preSolution
		Debug|Any CPU = Debug|Any CPU
		Release|Any CPU = Release|Any CPU
	EndGlobalSection
	GlobalSection(ProjectConfigurationPlatforms) = postSolution
		{A72D12AC-B04A-4F3C-B586-C3654621D440}.Debug|Any CPU.ActiveCfg = Debug|Any CPU
		{A72D12AC-B04A-4F3C-B586-C3654621D440}.Debug|Any CPU.Build.0 = Debug|Any CPU
		{A72D12AC-B04A-4F3C-B586-C3654621D440}.Release|Any CPU.ActiveCfg = Release|Any CPU
		{A72D12AC-B04A-4F3C-B586-C3654621D440}.Release|Any CPU.Build.0 = Release|Any CPU
	EndGlobalSection
	GlobalSection(SolutionProperties) = preSolution
		HideSolutionNode = FALSE
	EndGlobalSection
	GlobalSection(ExtensibilityGlobals) = postSolution
		SolutionGuid = {10B1A13B-2D07-40AF-9C58-6CDC155A02E8}
	EndGlobalSection
EndGlobal
